// !$*UTF8*$!
{
	archiveVersion = 1;
	classes = {
	};
	objectVersion = 50;
	objects = {

/* Begin PBXBuildFile section */
		892207FC250D6CDE002EBBF2 /* AppDelegate.swift in Sources */ = {isa = PBXBuildFile; fileRef = 892207FB250D6CDE002EBBF2 /* AppDelegate.swift */; };
		892207FE250D6CDE002EBBF2 /* SceneDelegate.swift in Sources */ = {isa = PBXBuildFile; fileRef = 892207FD250D6CDE002EBBF2 /* SceneDelegate.swift */; };
		89220800250D6CDE002EBBF2 /* ViewController.swift in Sources */ = {isa = PBXBuildFile; fileRef = 892207FF250D6CDE002EBBF2 /* ViewController.swift */; };
		89220803250D6CDE002EBBF2 /* Main.storyboard in Resources */ = {isa = PBXBuildFile; fileRef = 89220801250D6CDE002EBBF2 /* Main.storyboard */; };
		89220805250D6CE2002EBBF2 /* Assets.xcassets in Resources */ = {isa = PBXBuildFile; fileRef = 89220804250D6CE2002EBBF2 /* Assets.xcassets */; };
		89220808250D6CE2002EBBF2 /* LaunchScreen.storyboard in Resources */ = {isa = PBXBuildFile; fileRef = 89220806250D6CE2002EBBF2 /* LaunchScreen.storyboard */; };
		89220813250D6CE2002EBBF2 /* TippyTests.swift in Sources */ = {isa = PBXBuildFile; fileRef = 89220812250D6CE2002EBBF2 /* TippyTests.swift */; };
		8922081E250D6CE2002EBBF2 /* TippyUITests.swift in Sources */ = {isa = PBXBuildFile; fileRef = 8922081D250D6CE2002EBBF2 /* TippyUITests.swift */; };
/* End PBXBuildFile section */

/* Begin PBXContainerItemProxy section */
		8922080F250D6CE2002EBBF2 /* PBXContainerItemProxy */ = {
			isa = PBXContainerItemProxy;
			containerPortal = 892207F0250D6CDE002EBBF2 /* Project object */;
			proxyType = 1;
			remoteGlobalIDString = 892207F7250D6CDE002EBBF2;
			remoteInfo = Tippy;
		};
		8922081A250D6CE2002EBBF2 /* PBXContainerItemProxy */ = {
			isa = PBXContainerItemProxy;
			containerPortal = 892207F0250D6CDE002EBBF2 /* Project object */;
			proxyType = 1;
			remoteGlobalIDString = 892207F7250D6CDE002EBBF2;
			remoteInfo = Tippy;
		};
/* End PBXContainerItemProxy section */

/* Begin PBXFileReference section */
		892207F8250D6CDE002EBBF2 /* Tippy.app */ = {isa = PBXFileReference; explicitFileType = wrapper.application; includeInIndex = 0; path = Tippy.app; sourceTree = BUILT_PRODUCTS_DIR; };
		892207FB250D6CDE002EBBF2 /* AppDelegate.swift */ = {isa = PBXFileReference; lastKnownFileType = sourcecode.swift; path = AppDelegate.swift; sourceTree = "<group>"; };
		892207FD250D6CDE002EBBF2 /* SceneDelegate.swift */ = {isa = PBXFileReference; lastKnownFileType = sourcecode.swift; path = SceneDelegate.swift; sourceTree = "<group>"; };
		892207FF250D6CDE002EBBF2 /* ViewController.swift */ = {isa = PBXFileReference; lastKnownFileType = sourcecode.swift; path = ViewController.swift; sourceTree = "<group>"; };
		89220802250D6CDE002EBBF2 /* Base */ = {isa = PBXFileReference; lastKnownFileType = file.storyboard; name = Base; path = Base.lproj/Main.storyboard; sourceTree = "<group>"; };
		89220804250D6CE2002EBBF2 /* Assets.xcassets */ = {isa = PBXFileReference; lastKnownFileType = folder.assetcatalog; path = Assets.xcassets; sourceTree = "<group>"; };
		89220807250D6CE2002EBBF2 /* Base */ = {isa = PBXFileReference; lastKnownFileType = file.storyboard; name = Base; path = Base.lproj/LaunchScreen.storyboard; sourceTree = "<group>"; };
		89220809250D6CE2002EBBF2 /* Info.plist */ = {isa = PBXFileReference; lastKnownFileType = text.plist.xml; path = Info.plist; sourceTree = "<group>"; };
		8922080E250D6CE2002EBBF2 /* TippyTests.xctest */ = {isa = PBXFileReference; explicitFileType = wrapper.cfbundle; includeInIndex = 0; path = TippyTests.xctest; sourceTree = BUILT_PRODUCTS_DIR; };
		89220812250D6CE2002EBBF2 /* TippyTests.swift */ = {isa = PBXFileReference; lastKnownFileType = sourcecode.swift; path = TippyTests.swift; sourceTree = "<group>"; };
		89220814250D6CE2002EBBF2 /* Info.plist */ = {isa = PBXFileReference; lastKnownFileType = text.plist.xml; path = Info.plist; sourceTree = "<group>"; };
		89220819250D6CE2002EBBF2 /* TippyUITests.xctest */ = {isa = PBXFileReference; explicitFileType = wrapper.cfbundle; includeInIndex = 0; path = TippyUITests.xctest; sourceTree = BUILT_PRODUCTS_DIR; };
		8922081D250D6CE2002EBBF2 /* TippyUITests.swift */ = {isa = PBXFileReference; lastKnownFileType = sourcecode.swift; path = TippyUITests.swift; sourceTree = "<group>"; };
		8922081F250D6CE2002EBBF2 /* Info.plist */ = {isa = PBXFileReference; lastKnownFileType = text.plist.xml; path = Info.plist; sourceTree = "<group>"; };
/* End PBXFileReference section */

/* Begin PBXFrameworksBuildPhase section */
		892207F5250D6CDE002EBBF2 /* Frameworks */ = {
			isa = PBXFrameworksBuildPhase;
			buildActionMask = 2147483647;
			files = (
			);
			runOnlyForDeploymentPostprocessing = 0;
		};
		8922080B250D6CE2002EBBF2 /* Frameworks */ = {
			isa = PBXFrameworksBuildPhase;
			buildActionMask = 2147483647;
			files = (
			);
			runOnlyForDeploymentPostprocessing = 0;
		};
		89220816250D6CE2002EBBF2 /* Frameworks */ = {
			isa = PBXFrameworksBuildPhase;
			buildActionMask = 2147483647;
			files = (
			);
			runOnlyForDeploymentPostprocessing = 0;
		};
/* End PBXFrameworksBuildPhase section */

/* Begin PBXGroup section */
		892207EF250D6CDE002EBBF2 = {
			isa = PBXGroup;
			children = (
				892207FA250D6CDE002EBBF2 /* Tippy */,
				89220811250D6CE2002EBBF2 /* TippyTests */,
				8922081C250D6CE2002EBBF2 /* TippyUITests */,
				892207F9250D6CDE002EBBF2 /* Products */,
			);
			sourceTree = "<group>";
		};
		892207F9250D6CDE002EBBF2 /* Products */ = {
			isa = PBXGroup;
			children = (
				892207F8250D6CDE002EBBF2 /* Tippy.app */,
				8922080E250D6CE2002EBBF2 /* TippyTests.xctest */,
				89220819250D6CE2002EBBF2 /* TippyUITests.xctest */,
			);
			name = Products;
			sourceTree = "<group>";
		};
		892207FA250D6CDE002EBBF2 /* Tippy */ = {
			isa = PBXGroup;
			children = (
				892207FB250D6CDE002EBBF2 /* AppDelegate.swift */,
				892207FD250D6CDE002EBBF2 /* SceneDelegate.swift */,
				892207FF250D6CDE002EBBF2 /* ViewController.swift */,
				89220801250D6CDE002EBBF2 /* Main.storyboard */,
				89220804250D6CE2002EBBF2 /* Assets.xcassets */,
				89220806250D6CE2002EBBF2 /* LaunchScreen.storyboard */,
				89220809250D6CE2002EBBF2 /* Info.plist */,
			);
			path = Tippy;
			sourceTree = "<group>";
		};
		89220811250D6CE2002EBBF2 /* TippyTests */ = {
			isa = PBXGroup;
			children = (
				89220812250D6CE2002EBBF2 /* TippyTests.swift */,
				89220814250D6CE2002EBBF2 /* Info.plist */,
			);
			path = TippyTests;
			sourceTree = "<group>";
		};
		8922081C250D6CE2002EBBF2 /* TippyUITests */ = {
			isa = PBXGroup;
			children = (
				8922081D250D6CE2002EBBF2 /* TippyUITests.swift */,
				8922081F250D6CE2002EBBF2 /* Info.plist */,
			);
			path = TippyUITests;
			sourceTree = "<group>";
		};
/* End PBXGroup section */

/* Begin PBXNativeTarget section */
		892207F7250D6CDE002EBBF2 /* Tippy */ = {
			isa = PBXNativeTarget;
			buildConfigurationList = 89220822250D6CE2002EBBF2 /* Build configuration list for PBXNativeTarget "Tippy" */;
			buildPhases = (
				892207F4250D6CDE002EBBF2 /* Sources */,
				892207F5250D6CDE002EBBF2 /* Frameworks */,
				892207F6250D6CDE002EBBF2 /* Resources */,
			);
			buildRules = (
			);
			dependencies = (
			);
			name = Tippy;
			productName = Tippy;
			productReference = 892207F8250D6CDE002EBBF2 /* Tippy.app */;
			productType = "com.apple.product-type.application";
		};
		8922080D250D6CE2002EBBF2 /* TippyTests */ = {
			isa = PBXNativeTarget;
			buildConfigurationList = 89220825250D6CE2002EBBF2 /* Build configuration list for PBXNativeTarget "TippyTests" */;
			buildPhases = (
				8922080A250D6CE2002EBBF2 /* Sources */,
				8922080B250D6CE2002EBBF2 /* Frameworks */,
				8922080C250D6CE2002EBBF2 /* Resources */,
			);
			buildRules = (
			);
			dependencies = (
				89220810250D6CE2002EBBF2 /* PBXTargetDependency */,
			);
			name = TippyTests;
			productName = TippyTests;
			productReference = 8922080E250D6CE2002EBBF2 /* TippyTests.xctest */;
			productType = "com.apple.product-type.bundle.unit-test";
		};
		89220818250D6CE2002EBBF2 /* TippyUITests */ = {
			isa = PBXNativeTarget;
			buildConfigurationList = 89220828250D6CE2002EBBF2 /* Build configuration list for PBXNativeTarget "TippyUITests" */;
			buildPhases = (
				89220815250D6CE2002EBBF2 /* Sources */,
				89220816250D6CE2002EBBF2 /* Frameworks */,
				89220817250D6CE2002EBBF2 /* Resources */,
			);
			buildRules = (
			);
			dependencies = (
				8922081B250D6CE2002EBBF2 /* PBXTargetDependency */,
			);
			name = TippyUITests;
			productName = TippyUITests;
			productReference = 89220819250D6CE2002EBBF2 /* TippyUITests.xctest */;
			productType = "com.apple.product-type.bundle.ui-testing";
		};
/* End PBXNativeTarget section */

/* Begin PBXProject section */
		892207F0250D6CDE002EBBF2 /* Project object */ = {
			isa = PBXProject;
			attributes = {
				LastSwiftUpdateCheck = 1170;
				LastUpgradeCheck = 1170;
				ORGANIZATIONNAME = Codepath;
				TargetAttributes = {
					892207F7250D6CDE002EBBF2 = {
						CreatedOnToolsVersion = 11.7;
					};
					8922080D250D6CE2002EBBF2 = {
						CreatedOnToolsVersion = 11.7;
						TestTargetID = 892207F7250D6CDE002EBBF2;
					};
					89220818250D6CE2002EBBF2 = {
						CreatedOnToolsVersion = 11.7;
						TestTargetID = 892207F7250D6CDE002EBBF2;
					};
				};
			};
			buildConfigurationList = 892207F3250D6CDE002EBBF2 /* Build configuration list for PBXProject "Tippy" */;
			compatibilityVersion = "Xcode 9.3";
			developmentRegion = en;
			hasScannedForEncodings = 0;
			knownRegions = (
				en,
				Base,
			);
			mainGroup = 892207EF250D6CDE002EBBF2;
			productRefGroup = 892207F9250D6CDE002EBBF2 /* Products */;
			projectDirPath = "";
			projectRoot = "";
			targets = (
				892207F7250D6CDE002EBBF2 /* Tippy */,
				8922080D250D6CE2002EBBF2 /* TippyTests */,
				89220818250D6CE2002EBBF2 /* TippyUITests */,
			);
		};
/* End PBXProject section */

/* Begin PBXResourcesBuildPhase section */
		892207F6250D6CDE002EBBF2 /* Resources */ = {
			isa = PBXResourcesBuildPhase;
			buildActionMask = 2147483647;
			files = (
				89220808250D6CE2002EBBF2 /* LaunchScreen.storyboard in Resources */,
				89220805250D6CE2002EBBF2 /* Assets.xcassets in Resources */,
				89220803250D6CDE002EBBF2 /* Main.storyboard in Resources */,
			);
			runOnlyForDeploymentPostprocessing = 0;
		};
		8922080C250D6CE2002EBBF2 /* Resources */ = {
			isa = PBXResourcesBuildPhase;
			buildActionMask = 2147483647;
			files = (
			);
			runOnlyForDeploymentPostprocessing = 0;
		};
		89220817250D6CE2002EBBF2 /* Resources */ = {
			isa = PBXResourcesBuildPhase;
			buildActionMask = 2147483647;
			files = (
			);
			runOnlyForDeploymentPostprocessing = 0;
		};
/* End PBXResourcesBuildPhase section */

/* Begin PBXSourcesBuildPhase section */
		892207F4250D6CDE002EBBF2 /* Sources */ = {
			isa = PBXSourcesBuildPhase;
			buildActionMask = 2147483647;
			files = (
				89220800250D6CDE002EBBF2 /* ViewController.swift in Sources */,
				892207FC250D6CDE002EBBF2 /* AppDelegate.swift in Sources */,
				892207FE250D6CDE002EBBF2 /* SceneDelegate.swift in Sources */,
			);
			runOnlyForDeploymentPostprocessing = 0;
		};
		8922080A250D6CE2002EBBF2 /* Sources */ = {
			isa = PBXSourcesBuildPhase;
			buildActionMask = 2147483647;
			files = (
				89220813250D6CE2002EBBF2 /* TippyTests.swift in Sources */,
			);
			runOnlyForDeploymentPostprocessing = 0;
		};
		89220815250D6CE2002EBBF2 /* Sources */ = {
			isa = PBXSourcesBuildPhase;
			buildActionMask = 2147483647;
			files = (
				8922081E250D6CE2002EBBF2 /* TippyUITests.swift in Sources */,
			);
			runOnlyForDeploymentPostprocessing = 0;
		};
/* End PBXSourcesBuildPhase section */

/* Begin PBXTargetDependency section */
		89220810250D6CE2002EBBF2 /* PBXTargetDependency */ = {
			isa = PBXTargetDependency;
			target = 892207F7250D6CDE002EBBF2 /* Tippy */;
			targetProxy = 8922080F250D6CE2002EBBF2 /* PBXContainerItemProxy */;
		};
		8922081B250D6CE2002EBBF2 /* PBXTargetDependency */ = {
			isa = PBXTargetDependency;
			target = 892207F7250D6CDE002EBBF2 /* Tippy */;
			targetProxy = 8922081A250D6CE2002EBBF2 /* PBXContainerItemProxy */;
		};
/* End PBXTargetDependency section */

/* Begin PBXVariantGroup section */
		89220801250D6CDE002EBBF2 /* Main.storyboard */ = {
			isa = PBXVariantGroup;
			children = (
				89220802250D6CDE002EBBF2 /* Base */,
			);
			name = Main.storyboard;
			sourceTree = "<group>";
		};
		89220806250D6CE2002EBBF2 /* LaunchScreen.storyboard */ = {
			isa = PBXVariantGroup;
			children = (
				89220807250D6CE2002EBBF2 /* Base */,
			);
			name = LaunchScreen.storyboard;
			sourceTree = "<group>";
		};
/* End PBXVariantGroup section */

/* Begin XCBuildConfiguration section */
		89220820250D6CE2002EBBF2 /* Debug */ = {
			isa = XCBuildConfiguration;
			buildSettings = {
				ALWAYS_SEARCH_USER_PATHS = NO;
				CLANG_ANALYZER_NONNULL = YES;
				CLANG_ANALYZER_NUMBER_OBJECT_CONVERSION = YES_AGGRESSIVE;
				CLANG_CXX_LANGUAGE_STANDARD = "gnu++14";
				CLANG_CXX_LIBRARY = "libc++";
				CLANG_ENABLE_MODULES = YES;
				CLANG_ENABLE_OBJC_ARC = YES;
				CLANG_ENABLE_OBJC_WEAK = YES;
				CLANG_WARN_BLOCK_CAPTURE_AUTORELEASING = YES;
				CLANG_WARN_BOOL_CONVERSION = YES;
				CLANG_WARN_COMMA = YES;
				CLANG_WARN_CONSTANT_CONVERSION = YES;
				CLANG_WARN_DEPRECATED_OBJC_IMPLEMENTATIONS = YES;
				CLANG_WARN_DIRECT_OBJC_ISA_USAGE = YES_ERROR;
				CLANG_WARN_DOCUMENTATION_COMMENTS = YES;
				CLANG_WARN_EMPTY_BODY = YES;
				CLANG_WARN_ENUM_CONVERSION = YES;
				CLANG_WARN_INFINITE_RECURSION = YES;
				CLANG_WARN_INT_CONVERSION = YES;
				CLANG_WARN_NON_LITERAL_NULL_CONVERSION = YES;
				CLANG_WARN_OBJC_IMPLICIT_RETAIN_SELF = YES;
				CLANG_WARN_OBJC_LITERAL_CONVERSION = YES;
				CLANG_WARN_OBJC_ROOT_CLASS = YES_ERROR;
				CLANG_WARN_RANGE_LOOP_ANALYSIS = YES;
				CLANG_WARN_STRICT_PROTOTYPES = YES;
				CLANG_WARN_SUSPICIOUS_MOVE = YES;
				CLANG_WARN_UNGUARDED_AVAILABILITY = YES_AGGRESSIVE;
				CLANG_WARN_UNREACHABLE_CODE = YES;
				CLANG_WARN__DUPLICATE_METHOD_MATCH = YES;
				COPY_PHASE_STRIP = NO;
				DEBUG_INFORMATION_FORMAT = dwarf;
				ENABLE_STRICT_OBJC_MSGSEND = YES;
				ENABLE_TESTABILITY = YES;
				GCC_C_LANGUAGE_STANDARD = gnu11;
				GCC_DYNAMIC_NO_PIC = NO;
				GCC_NO_COMMON_BLOCKS = YES;
				GCC_OPTIMIZATION_LEVEL = 0;
				GCC_PREPROCESSOR_DEFINITIONS = (
					"DEBUG=1",
					"$(inherited)",
				);
				GCC_WARN_64_TO_32_BIT_CONVERSION = YES;
				GCC_WARN_ABOUT_RETURN_TYPE = YES_ERROR;
				GCC_WARN_UNDECLARED_SELECTOR = YES;
				GCC_WARN_UNINITIALIZED_AUTOS = YES_AGGRESSIVE;
				GCC_WARN_UNUSED_FUNCTION = YES;
				GCC_WARN_UNUSED_VARIABLE = YES;
				IPHONEOS_DEPLOYMENT_TARGET = 13.7;
				MTL_ENABLE_DEBUG_INFO = INCLUDE_SOURCE;
				MTL_FAST_MATH = YES;
				ONLY_ACTIVE_ARCH = YES;
				SDKROOT = iphoneos;
				SWIFT_ACTIVE_COMPILATION_CONDITIONS = DEBUG;
				SWIFT_OPTIMIZATION_LEVEL = "-Onone";
			};
			name = Debug;
		};
		89220821250D6CE2002EBBF2 /* Release */ = {
			isa = XCBuildConfiguration;
			buildSettings = {
				ALWAYS_SEARCH_USER_PATHS = NO;
				CLANG_ANALYZER_NONNULL = YES;
				CLANG_ANALYZER_NUMBER_OBJECT_CONVERSION = YES_AGGRESSIVE;
				CLANG_CXX_LANGUAGE_STANDARD = "gnu++14";
				CLANG_CXX_LIBRARY = "libc++";
				CLANG_ENABLE_MODULES = YES;
				CLANG_ENABLE_OBJC_ARC = YES;
				CLANG_ENABLE_OBJC_WEAK = YES;
				CLANG_WARN_BLOCK_CAPTURE_AUTORELEASING = YES;
				CLANG_WARN_BOOL_CONVERSION = YES;
				CLANG_WARN_COMMA = YES;
				CLANG_WARN_CONSTANT_CONVERSION = YES;
				CLANG_WARN_DEPRECATED_OBJC_IMPLEMENTATIONS = YES;
				CLANG_WARN_DIRECT_OBJC_ISA_USAGE = YES_ERROR;
				CLANG_WARN_DOCUMENTATION_COMMENTS = YES;
				CLANG_WARN_EMPTY_BODY = YES;
				CLANG_WARN_ENUM_CONVERSION = YES;
				CLANG_WARN_INFINITE_RECURSION = YES;
				CLANG_WARN_INT_CONVERSION = YES;
				CLANG_WARN_NON_LITERAL_NULL_CONVERSION = YES;
				CLANG_WARN_OBJC_IMPLICIT_RETAIN_SELF = YES;
				CLANG_WARN_OBJC_LITERAL_CONVERSION = YES;
				CLANG_WARN_OBJC_ROOT_CLASS = YES_ERROR;
				CLANG_WARN_RANGE_LOOP_ANALYSIS = YES;
				CLANG_WARN_STRICT_PROTOTYPES = YES;
				CLANG_WARN_SUSPICIOUS_MOVE = YES;
				CLANG_WARN_UNGUARDED_AVAILABILITY = YES_AGGRESSIVE;
				CLANG_WARN_UNREACHABLE_CODE = YES;
				CLANG_WARN__DUPLICATE_METHOD_MATCH = YES;
				COPY_PHASE_STRIP = NO;
				DEBUG_INFORMATION_FORMAT = "dwarf-with-dsym";
				ENABLE_NS_ASSERTIONS = NO;
				ENABLE_STRICT_OBJC_MSGSEND = YES;
				GCC_C_LANGUAGE_STANDARD = gnu11;
				GCC_NO_COMMON_BLOCKS = YES;
				GCC_WARN_64_TO_32_BIT_CONVERSION = YES;
				GCC_WARN_ABOUT_RETURN_TYPE = YES_ERROR;
				GCC_WARN_UNDECLARED_SELECTOR = YES;
				GCC_WARN_UNINITIALIZED_AUTOS = YES_AGGRESSIVE;
				GCC_WARN_UNUSED_FUNCTION = YES;
				GCC_WARN_UNUSED_VARIABLE = YES;
				IPHONEOS_DEPLOYMENT_TARGET = 13.7;
				MTL_ENABLE_DEBUG_INFO = NO;
				MTL_FAST_MATH = YES;
				SDKROOT = iphoneos;
				SWIFT_COMPILATION_MODE = wholemodule;
				SWIFT_OPTIMIZATION_LEVEL = "-O";
				VALIDATE_PRODUCT = YES;
			};
			name = Release;
		};
		89220823250D6CE2002EBBF2 /* Debug */ = {
			isa = XCBuildConfiguration;
			buildSettings = {
				ASSETCATALOG_COMPILER_APPICON_NAME = AppIcon;
				CODE_SIGN_STYLE = Automatic;
				INFOPLIST_FILE = Tippy/Info.plist;
				LD_RUNPATH_SEARCH_PATHS = (
					"$(inherited)",
					"@executable_path/Frameworks",
				);
				PRODUCT_BUNDLE_IDENTIFIER = Codepath.Tippy;
				PRODUCT_NAME = "$(TARGET_NAME)";
				SWIFT_VERSION = 5.0;
				TARGETED_DEVICE_FAMILY = "1,2";
			};
			name = Debug;
		};
		89220824250D6CE2002EBBF2 /* Release */ = {
			isa = XCBuildConfiguration;
			buildSettings = {
				ASSETCATALOG_COMPILER_APPICON_NAME = AppIcon;
				CODE_SIGN_STYLE = Automatic;
				INFOPLIST_FILE = Tippy/Info.plist;
				LD_RUNPATH_SEARCH_PATHS = (
					"$(inherited)",
					"@executable_path/Frameworks",
				);
				PRODUCT_BUNDLE_IDENTIFIER = Codepath.Tippy;
				PRODUCT_NAME = "$(TARGET_NAME)";
				SWIFT_VERSION = 5.0;
				TARGETED_DEVICE_FAMILY = "1,2";
			};
			name = Release;
		};
		89220826250D6CE2002EBBF2 /* Debug */ = {
			isa = XCBuildConfiguration;
			buildSettings = {
				ALWAYS_EMBED_SWIFT_STANDARD_LIBRARIES = YES;
				BUNDLE_LOADER = "$(TEST_HOST)";
				CODE_SIGN_STYLE = Automatic;
				INFOPLIST_FILE = TippyTests/Info.plist;
				IPHONEOS_DEPLOYMENT_TARGET = 13.7;
				LD_RUNPATH_SEARCH_PATHS = (
					"$(inherited)",
					"@executable_path/Frameworks",
					"@loader_path/Frameworks",
				);
				PRODUCT_BUNDLE_IDENTIFIER = Codepath.TippyTests;
				PRODUCT_NAME = "$(TARGET_NAME)";
				SWIFT_VERSION = 5.0;
				TARGETED_DEVICE_FAMILY = "1,2";
				TEST_HOST = "$(BUILT_PRODUCTS_DIR)/Tippy.app/Tippy";
			};
			name = Debug;
		};
		89220827250D6CE2002EBBF2 /* Release */ = {
			isa = XCBuildConfiguration;
			buildSettings = {
				ALWAYS_EMBED_SWIFT_STANDARD_LIBRARIES = YES;
				BUNDLE_LOADER = "$(TEST_HOST)";
				CODE_SIGN_STYLE = Automatic;
				INFOPLIST_FILE = TippyTests/Info.plist;
				IPHONEOS_DEPLOYMENT_TARGET = 13.7;
				LD_RUNPATH_SEARCH_PATHS = (
					"$(inherited)",
					"@executable_path/Frameworks",
					"@loader_path/Frameworks",
				);
				PRODUCT_BUNDLE_IDENTIFIER = Codepath.TippyTests;
				PRODUCT_NAME = "$(TARGET_NAME)";
				SWIFT_VERSION = 5.0;
				TARGETED_DEVICE_FAMILY = "1,2";
				TEST_HOST = "$(BUILT_PRODUCTS_DIR)/Tippy.app/Tippy";
			};
			name = Release;
		};
		89220829250D6CE2002EBBF2 /* Debug */ = {
			isa = XCBuildConfiguration;
			buildSettings = {
				ALWAYS_EMBED_SWIFT_STANDARD_LIBRARIES = YES;
				CODE_SIGN_STYLE = Automatic;
				INFOPLIST_FILE = TippyUITests/Info.plist;
				LD_RUNPATH_SEARCH_PATHS = (
					"$(inherited)",
					"@executable_path/Frameworks",
					"@loader_path/Frameworks",
				);
				PRODUCT_BUNDLE_IDENTIFIER = Codepath.TippyUITests;
				PRODUCT_NAME = "$(TARGET_NAME)";
				SWIFT_VERSION = 5.0;
				TARGETED_DEVICE_FAMILY = "1,2";
				TEST_TARGET_NAME = Tippy;
			};
			name = Debug;
		};
		8922082A250D6CE2002EBBF2 /* Release */ = {
			isa = XCBuildConfiguration;
			buildSettings = {
				ALWAYS_EMBED_SWIFT_STANDARD_LIBRARIES = YES;
				CODE_SIGN_STYLE = Automatic;
				INFOPLIST_FILE = TippyUITests/Info.plist;
				LD_RUNPATH_SEARCH_PATHS = (
					"$(inherited)",
					"@executable_path/Frameworks",
					"@loader_path/Frameworks",
				);
				PRODUCT_BUNDLE_IDENTIFIER = Codepath.TippyUITests;
				PRODUCT_NAME = "$(TARGET_NAME)";
				SWIFT_VERSION = 5.0;
				TARGETED_DEVICE_FAMILY = "1,2";
				TEST_TARGET_NAME = Tippy;
			};
			name = Release;
		};
/* End XCBuildConfiguration section */

/* Begin XCConfigurationList section */
		892207F3250D6CDE002EBBF2 /* Build configuration list for PBXProject "Tippy" */ = {
			isa = XCConfigurationList;
			buildConfigurations = (
				89220820250D6CE2002EBBF2 /* Debug */,
				89220821250D6CE2002EBBF2 /* Release */,
			);
			defaultConfigurationIsVisible = 0;
			defaultConfigurationName = Release;
		};
		89220822250D6CE2002EBBF2 /* Build configuration list for PBXNativeTarget "Tippy" */ = {
			isa = XCConfigurationList;
			buildConfigurations = (
				89220823250D6CE2002EBBF2 /* Debug */,
				89220824250D6CE2002EBBF2 /* Release */,
			);
			defaultConfigurationIsVisible = 0;
			defaultConfigurationName = Release;
		};
		89220825250D6CE2002EBBF2 /* Build configuration list for PBXNativeTarget "TippyTests" */ = {
			isa = XCConfigurationList;
			buildConfigurations = (
				89220826250D6CE2002EBBF2 /* Debug */,
				89220827250D6CE2002EBBF2 /* Release */,
			);
			defaultConfigurationIsVisible = 0;
			defaultConfigurationName = Release;
		};
		89220828250D6CE2002EBBF2 /* Build configuration list for PBXNativeTarget "TippyUITests" */ = {
			isa = XCConfigurationList;
			buildConfigurations = (
				89220829250D6CE2002EBBF2 /* Debug */,
				8922082A250D6CE2002EBBF2 /* Release */,
			);
			defaultConfigurationIsVisible = 0;
			defaultConfigurationName = Release;
		};
/* End XCConfigurationList section */
	};
	rootObject = 892207F0250D6CDE002EBBF2 /* Project object */;
}
